
Microsoft Visual Studio Solution File, Format Version 12.00
# Visual Studio Version 17
VisualStudioVersion = 17.5.002.0
MinimumVisualStudioVersion = 10.0.40219.1
Project("{9A19103F-16F7-4668-BE54-9A1E7A4F7556}") = "first app WPF", "first app WPF.csproj", "{784BC26B-72AF-4E97-BB90-2BA728C3B200}"
EndProject
Global
	GlobalSection(SolutionConfigurationPlatforms) = preSolution
		Debug|Any CPU = Debug|Any CPU
		Release|Any CPU = Release|Any CPU
	EndGlobalSection
	GlobalSection(ProjectConfigurationPlatforms) = postSolution
		{784BC26B-72AF-4E97-BB90-2BA728C3B200}.Debug|Any CPU.ActiveCfg = Debug|Any CPU
		{784BC26B-72AF-4E97-BB90-2BA728C3B200}.Debug|Any CPU.Build.0 = Debug|Any CPU
		{784BC26B-72AF-4E97-BB90-2BA728C3B200}.Release|Any CPU.ActiveCfg = Release|Any CPU
		{784BC26B-72AF-4E97-BB90-2BA728C3B200}.Release|Any CPU.Build.0 = Release|Any CPU
	EndGlobalSection
	GlobalSection(SolutionProperties) = preSolution
		HideSolutionNode = FALSE
	EndGlobalSection
	GlobalSection(ExtensibilityGlobals) = postSolution
		SolutionGuid = {2BF75A57-2F90-47F5-B247-0491B14CE9EA}
	EndGlobalSection
EndGlobal
